
Microsoft Visual Studio Solution File, Format Version 12.00
# Visual Studio Version 16
VisualStudioVersion = 16.0.30517.126
MinimumVisualStudioVersion = 10.0.40219.1
Project("{FAE04EC0-301F-11D3-BF4B-00C04F79EFBC}") = "EvaluadorRH", "EvaluadorRH\EvaluadorRH.csproj", "{0C5557A7-701B-49F9-8FAD-1495DD722F6A}"
EndProject
Project("{9A19103F-16F7-4668-BE54-9A1E7A4F7556}") = "SQLHelper", "..\..\Xamarin.Tools\SQLHelper\SQLHelper.csproj", "{E018AF0A-8D56-44C3-AE35-6F77B541352C}"
EndProject
Global
	GlobalSection(SolutionConfigurationPlatforms) = preSolution
		Debug|Any CPU = Debug|Any CPU
		Release|Any CPU = Release|Any CPU
	EndGlobalSection
	GlobalSection(ProjectConfigurationPlatforms) = postSolution
		{0C5557A7-701B-49F9-8FAD-1495DD722F6A}.Debug|Any CPU.ActiveCfg = Debug|Any CPU
		{0C5557A7-701B-49F9-8FAD-1495DD722F6A}.Debug|Any CPU.Build.0 = Debug|Any CPU
		{0C5557A7-701B-49F9-8FAD-1495DD722F6A}.Release|Any CPU.ActiveCfg = Release|Any CPU
		{0C5557A7-701B-49F9-8FAD-1495DD722F6A}.Release|Any CPU.Build.0 = Release|Any CPU
		{E018AF0A-8D56-44C3-AE35-6F77B541352C}.Debug|Any CPU.ActiveCfg = Debug|Any CPU
		{E018AF0A-8D56-44C3-AE35-6F77B541352C}.Debug|Any CPU.Build.0 = Debug|Any CPU
		{E018AF0A-8D56-44C3-AE35-6F77B541352C}.Release|Any CPU.ActiveCfg = Release|Any CPU
		{E018AF0A-8D56-44C3-AE35-6F77B541352C}.Release|Any CPU.Build.0 = Release|Any CPU
	EndGlobalSection
	GlobalSection(SolutionProperties) = preSolution
		HideSolutionNode = FALSE
	EndGlobalSection
	GlobalSection(ExtensibilityGlobals) = postSolution
		SolutionGuid = {A98A7CAA-B732-4EC9-9B86-E13BCD7FEE29}
	EndGlobalSection
EndGlobal
